
Microsoft Visual Studio Solution File, Format Version 12.00
# Visual Studio Version 17
VisualStudioVersion = 17.0.31903.59
MinimumVisualStudioVersion = 10.0.40219.1
Project("{2150E333-8FDC-42A3-9474-1A3956D46DE8}") = "src", "src", "{827E0CD3-B72D-47B6-A68D-7590B98EB39B}"
EndProject
Project("{FAE04EC0-301F-11D3-BF4B-00C04F79EFBC}") = "Domain", "src\Domain\Domain.csproj", "{B7DF1D1A-A5BB-4140-AE1E-9B5E6FBB36A1}"
EndProject
Project("{FAE04EC0-301F-11D3-BF4B-00C04F79EFBC}") = "Application", "src\Application\Application.csproj", "{41F92A5F-BA7B-4095-B085-8D9EE53EBD2A}"
EndProject
Project("{FAE04EC0-301F-11D3-BF4B-00C04F79EFBC}") = "Infrastructure", "src\Infrastructure\Infrastructure.csproj", "{27F1DD5B-9AD7-4932-AF57-1033FADDDB40}"
EndProject
Project("{FAE04EC0-301F-11D3-BF4B-00C04F79EFBC}") = "WebApi", "src\WebApi\WebApi.csproj", "{8FF4AEBE-9FEF-4A3F-9866-83E7DBF23EE6}"
EndProject
Global
	GlobalSection(SolutionConfigurationPlatforms) = preSolution
		Debug|Any CPU = Debug|Any CPU
		Debug|x64 = Debug|x64
		Debug|x86 = Debug|x86
		Release|Any CPU = Release|Any CPU
		Release|x64 = Release|x64
		Release|x86 = Release|x86
	EndGlobalSection
	GlobalSection(ProjectConfigurationPlatforms) = postSolution
		{B7DF1D1A-A5BB-4140-AE1E-9B5E6FBB36A1}.Debug|Any CPU.ActiveCfg = Debug|Any CPU
		{B7DF1D1A-A5BB-4140-AE1E-9B5E6FBB36A1}.Debug|Any CPU.Build.0 = Debug|Any CPU
		{B7DF1D1A-A5BB-4140-AE1E-9B5E6FBB36A1}.Debug|x64.ActiveCfg = Debug|Any CPU
		{B7DF1D1A-A5BB-4140-AE1E-9B5E6FBB36A1}.Debug|x64.Build.0 = Debug|Any CPU
		{B7DF1D1A-A5BB-4140-AE1E-9B5E6FBB36A1}.Debug|x86.ActiveCfg = Debug|Any CPU
		{B7DF1D1A-A5BB-4140-AE1E-9B5E6FBB36A1}.Debug|x86.Build.0 = Debug|Any CPU
		{B7DF1D1A-A5BB-4140-AE1E-9B5E6FBB36A1}.Release|Any CPU.ActiveCfg = Release|Any CPU
		{B7DF1D1A-A5BB-4140-AE1E-9B5E6FBB36A1}.Release|Any CPU.Build.0 = Release|Any CPU
		{B7DF1D1A-A5BB-4140-AE1E-9B5E6FBB36A1}.Release|x64.ActiveCfg = Release|Any CPU
		{B7DF1D1A-A5BB-4140-AE1E-9B5E6FBB36A1}.Release|x64.Build.0 = Release|Any CPU
		{B7DF1D1A-A5BB-4140-AE1E-9B5E6FBB36A1}.Release|x86.ActiveCfg = Release|Any CPU
		{B7DF1D1A-A5BB-4140-AE1E-9B5E6FBB36A1}.Release|x86.Build.0 = Release|Any CPU
		{41F92A5F-BA7B-4095-B085-8D9EE53EBD2A}.Debug|Any CPU.ActiveCfg = Debug|Any CPU
		{41F92A5F-BA7B-4095-B085-8D9EE53EBD2A}.Debug|Any CPU.Build.0 = Debug|Any CPU
		{41F92A5F-BA7B-4095-B085-8D9EE53EBD2A}.Debug|x64.ActiveCfg = Debug|Any CPU
		{41F92A5F-BA7B-4095-B085-8D9EE53EBD2A}.Debug|x64.Build.0 = Debug|Any CPU
		{41F92A5F-BA7B-4095-B085-8D9EE53EBD2A}.Debug|x86.ActiveCfg = Debug|Any CPU
		{41F92A5F-BA7B-4095-B085-8D9EE53EBD2A}.Debug|x86.Build.0 = Debug|Any CPU
		{41F92A5F-BA7B-4095-B085-8D9EE53EBD2A}.Release|Any CPU.ActiveCfg = Release|Any CPU
		{41F92A5F-BA7B-4095-B085-8D9EE53EBD2A}.Release|Any CPU.Build.0 = Release|Any CPU
		{41F92A5F-BA7B-4095-B085-8D9EE53EBD2A}.Release|x64.ActiveCfg = Release|Any CPU
		{41F92A5F-BA7B-4095-B085-8D9EE53EBD2A}.Release|x64.Build.0 = Release|Any CPU
		{41F92A5F-BA7B-4095-B085-8D9EE53EBD2A}.Release|x86.ActiveCfg = Release|Any CPU
		{41F92A5F-BA7B-4095-B085-8D9EE53EBD2A}.Release|x86.Build.0 = Release|Any CPU
		{27F1DD5B-9AD7-4932-AF57-1033FADDDB40}.Debug|Any CPU.ActiveCfg = Debug|Any CPU
		{27F1DD5B-9AD7-4932-AF57-1033FADDDB40}.Debug|Any CPU.Build.0 = Debug|Any CPU
		{27F1DD5B-9AD7-4932-AF57-1033FADDDB40}.Debug|x64.ActiveCfg = Debug|Any CPU
		{27F1DD5B-9AD7-4932-AF57-1033FADDDB40}.Debug|x64.Build.0 = Debug|Any CPU
		{27F1DD5B-9AD7-4932-AF57-1033FADDDB40}.Debug|x86.ActiveCfg = Debug|Any CPU
		{27F1DD5B-9AD7-4932-AF57-1033FADDDB40}.Debug|x86.Build.0 = Debug|Any CPU
		{27F1DD5B-9AD7-4932-AF57-1033FADDDB40}.Release|Any CPU.ActiveCfg = Release|Any CPU
		{27F1DD5B-9AD7-4932-AF57-1033FADDDB40}.Release|Any CPU.Build.0 = Release|Any CPU
		{27F1DD5B-9AD7-4932-AF57-1033FADDDB40}.Release|x64.ActiveCfg = Release|Any CPU
		{27F1DD5B-9AD7-4932-AF57-1033FADDDB40}.Release|x64.Build.0 = Release|Any CPU
		{27F1DD5B-9AD7-4932-AF57-1033FADDDB40}.Release|x86.ActiveCfg = Release|Any CPU
		{27F1DD5B-9AD7-4932-AF57-1033FADDDB40}.Release|x86.Build.0 = Release|Any CPU
		{8FF4AEBE-9FEF-4A3F-9866-83E7DBF23EE6}.Debug|Any CPU.ActiveCfg = Debug|Any CPU
		{8FF4AEBE-9FEF-4A3F-9866-83E7DBF23EE6}.Debug|Any CPU.Build.0 = Debug|Any CPU
		{8FF4AEBE-9FEF-4A3F-9866-83E7DBF23EE6}.Debug|x64.ActiveCfg = Debug|Any CPU
		{8FF4AEBE-9FEF-4A3F-9866-83E7DBF23EE6}.Debug|x64.Build.0 = Debug|Any CPU
		{8FF4AEBE-9FEF-4A3F-9866-83E7DBF23EE6}.Debug|x86.ActiveCfg = Debug|Any CPU
		{8FF4AEBE-9FEF-4A3F-9866-83E7DBF23EE6}.Debug|x86.Build.0 = Debug|Any CPU
		{8FF4AEBE-9FEF-4A3F-9866-83E7DBF23EE6}.Release|Any CPU.ActiveCfg = Release|Any CPU
		{8FF4AEBE-9FEF-4A3F-9866-83E7DBF23EE6}.Release|Any CPU.Build.0 = Release|Any CPU
		{8FF4AEBE-9FEF-4A3F-9866-83E7DBF23EE6}.Release|x64.ActiveCfg = Release|Any CPU
		{8FF4AEBE-9FEF-4A3F-9866-83E7DBF23EE6}.Release|x64.Build.0 = Release|Any CPU
		{8FF4AEBE-9FEF-4A3F-9866-83E7DBF23EE6}.Release|x86.ActiveCfg = Release|Any CPU
		{8FF4AEBE-9FEF-4A3F-9866-83E7DBF23EE6}.Release|x86.Build.0 = Release|Any CPU
	EndGlobalSection
	GlobalSection(SolutionProperties) = preSolution
		HideSolutionNode = FALSE
	EndGlobalSection
	GlobalSection(NestedProjects) = preSolution
		{B7DF1D1A-A5BB-4140-AE1E-9B5E6FBB36A1} = {827E0CD3-B72D-47B6-A68D-7590B98EB39B}
		{41F92A5F-BA7B-4095-B085-8D9EE53EBD2A} = {827E0CD3-B72D-47B6-A68D-7590B98EB39B}
		{27F1DD5B-9AD7-4932-AF57-1033FADDDB40} = {827E0CD3-B72D-47B6-A68D-7590B98EB39B}
		{8FF4AEBE-9FEF-4A3F-9866-83E7DBF23EE6} = {827E0CD3-B72D-47B6-A68D-7590B98EB39B}
	EndGlobalSection
EndGlobal
